
Microsoft Visual Studio Solution File, Format Version 12.00
# Visual Studio Version 16
VisualStudioVersion = 16.0.30611.23
MinimumVisualStudioVersion = 10.0.40219.1
Project("{FAE04EC0-301F-11D3-BF4B-00C04F79EFBC}") = "Tomi_Fej_Iras_2020.10.15", "Tomi_Fej_Iras_2020.10.15\Tomi_Fej_Iras_2020.10.15.csproj", "{89195AC1-F76A-4597-8352-C6F3462EE416}"
EndProject
Global
	GlobalSection(SolutionConfigurationPlatforms) = preSolution
		Debug|Any CPU = Debug|Any CPU
		Release|Any CPU = Release|Any CPU
	EndGlobalSection
	GlobalSection(ProjectConfigurationPlatforms) = postSolution
		{89195AC1-F76A-4597-8352-C6F3462EE416}.Debug|Any CPU.ActiveCfg = Debug|Any CPU
		{89195AC1-F76A-4597-8352-C6F3462EE416}.Debug|Any CPU.Build.0 = Debug|Any CPU
		{89195AC1-F76A-4597-8352-C6F3462EE416}.Release|Any CPU.ActiveCfg = Release|Any CPU
		{89195AC1-F76A-4597-8352-C6F3462EE416}.Release|Any CPU.Build.0 = Release|Any CPU
	EndGlobalSection
	GlobalSection(SolutionProperties) = preSolution
		HideSolutionNode = FALSE
	EndGlobalSection
	GlobalSection(ExtensibilityGlobals) = postSolution
		SolutionGuid = {5B2A9A78-9033-4733-92CC-26BCD164970B}
	EndGlobalSection
EndGlobal
